
Microsoft Visual Studio Solution File, Format Version 12.00
# Visual Studio Version 17
VisualStudioVersion = 17.6.33723.286
MinimumVisualStudioVersion = 10.0.40219.1
Project("{FAE04EC0-301F-11D3-BF4B-00C04F79EFBC}") = "Conversion", "Conversion\Conversion.csproj", "{80F9ACEF-EAFE-402A-95D8-ADBF51AC13BB}"
EndProject
Global
	GlobalSection(SolutionConfigurationPlatforms) = preSolution
		Debug|Any CPU = Debug|Any CPU
		Release|Any CPU = Release|Any CPU
	EndGlobalSection
	GlobalSection(ProjectConfigurationPlatforms) = postSolution
		{80F9ACEF-EAFE-402A-95D8-ADBF51AC13BB}.Debug|Any CPU.ActiveCfg = Debug|Any CPU
		{80F9ACEF-EAFE-402A-95D8-ADBF51AC13BB}.Debug|Any CPU.Build.0 = Debug|Any CPU
		{80F9ACEF-EAFE-402A-95D8-ADBF51AC13BB}.Release|Any CPU.ActiveCfg = Release|Any CPU
		{80F9ACEF-EAFE-402A-95D8-ADBF51AC13BB}.Release|Any CPU.Build.0 = Release|Any CPU
	EndGlobalSection
	GlobalSection(SolutionProperties) = preSolution
		HideSolutionNode = FALSE
	EndGlobalSection
	GlobalSection(ExtensibilityGlobals) = postSolution
		SolutionGuid = {A30394E5-786D-4612-A02B-AD9FB9C5E717}
	EndGlobalSection
EndGlobal
